# This file was autogenerated by Stack.
# You should not edit this file by hand.
# For more information, please see the documentation at:
#   https://docs.haskellstack.org/en/stable/lock_files

packages:
- completed:
    hackage: monadIO-0.10.1.4@sha256:2dc105440a2d21e0b46cb7d9811b22367cbf66fab39c0149ecc24d982166e48c,922
    pantry-tree:
      size: 443
      sha256: 64b40a4cd0033d4dcae1a49b7f79d57ab83dc923636fd3c2904df28de7df0b93
  original:
    hackage: monadIO-0.10.1.4
- completed:
    hackage: rolling-queue-0.1@sha256:9283b4267a60f98652ec69d24dda6028e164c37c84e4ee8519379a02dc3876aa,1676
    pantry-tree:
      size: 346
      sha256: cc20fe716b5edb1ec8758d021a52e5bcb940d36a313b62c6ab51ab8d40e20b20
  original:
    hackage: rolling-queue-0.1
- completed:
    hackage: attoparsec-0.13.2.4@sha256:e10c2a5070a344a0973e6f9486d148c690b6955468cfd61ee09a41b5adc48873,5735
    pantry-tree:
      size: 5231
      sha256: 1098f9aaf18a8ad0ee10019d929920c96be87cded84cbb90d78ab0e7a4264ea4
  original:
    hackage: attoparsec-0.13.2.4@sha256:e10c2a5070a344a0973e6f9486d148c690b6955468cfd61ee09a41b5adc48873,5735
- completed:
    hackage: connection-0.3.1@sha256:65da1c055610095733bcd228d85dff80804b23a5d18fede994a0f9fcd1b0c121,1554
    pantry-tree:
      size: 386
      sha256: 13a2c21049e69068e4c3d725533d94729772f2d3e05f5ef611bef28363b08798
  original:
    hackage: connection-0.3.1@sha256:65da1c055610095733bcd228d85dff80804b23a5d18fede994a0f9fcd1b0c121,1554
- completed:
    hackage: either-5.0.1.1@sha256:41167573bf575b7e0e24283a52fba8ce7bed5a7cc2984bba0dce305a0ab66f0d,1973
    pantry-tree:
      size: 657
      sha256: f4355cd0091ec38301af2b98729fe2d6eb0a41bd7f01cc66be8202da90a6cb0e
  original:
    hackage: either-5.0.1.1@sha256:41167573bf575b7e0e24283a52fba8ce7bed5a7cc2984bba0dce305a0ab66f0d,1973
- completed:
    hackage: hslogger-1.3.1.0@sha256:88655f6a7cc52529a7b3053b4ed304b250464b560c91092027bb66d62972a8bc,2899
    pantry-tree:
      size: 1411
      sha256: 1c54751dd3c55003983b6d07a45ce964f1ff9e0fbf5db5e9eb591495b38bbdb8
  original:
    hackage: hslogger-1.3.1.0@sha256:88655f6a7cc52529a7b3053b4ed304b250464b560c91092027bb66d62972a8bc,2899
- completed:
    hackage: list-t-1.0.4@sha256:da53e925d03cacd9e9f65cb63615221e5fd25e6e310febe1455323655de68020,2501
    pantry-tree:
      size: 326
      sha256: b46af6a832000927eb23c9312fd1c7a9f7852ddc20471ce7075b7d5c328d2925
  original:
    hackage: list-t-1.0.4@sha256:da53e925d03cacd9e9f65cb63615221e5fd25e6e310febe1455323655de68020,2501
- completed:
    hackage: network-3.1.2.0@sha256:3ace4c1cab0d8f7a0029188e0887a0526f0e148dccb4473eec65806c81df3a1d,4962
    pantry-tree:
      size: 3971
      sha256: fc7599404df3c29a28e73a298b6469b5be4511738cc4697f0372b2c755c7d89f
  original:
    hackage: network-3.1.2.0@sha256:3ace4c1cab0d8f7a0029188e0887a0526f0e148dccb4473eec65806c81df3a1d,4962
- completed:
    hackage: pipes-4.3.14@sha256:c8019967581a7e4d52e576cd3f1f70b98dab0ecc7f1b4a607464dede602b8d95,3739
    pantry-tree:
      size: 806
      sha256: 9247953aa36cfc9008bb6020b6c7caf79592aa5ff6c520b9ee04e01e65bf907f
  original:
    hackage: pipes-4.3.14@sha256:c8019967581a7e4d52e576cd3f1f70b98dab0ecc7f1b4a607464dede602b8d95,3739
- completed:
    hackage: random-1.2.0@sha256:4321209c8faedc034810ea8ed0dbc4a36f1a1df97b75af024219f2f533da57de,6094
    pantry-tree:
      size: 1259
      sha256: 29ff0a7ec5bf123e2c40f849b7af163950854a6c08c68b4a1b4364ce7a515af0
  original:
    hackage: random-1.2.0@sha256:4321209c8faedc034810ea8ed0dbc4a36f1a1df97b75af024219f2f533da57de,6094
- completed:
    hackage: stm-delay-0.1.1.1@sha256:7e0c22a7b969a02e47b299293eba5e2ec142b2d09a62c0762b5977fcc0ad06cc,2343
    pantry-tree:
      size: 278
      sha256: ddde6b3f5f3c20529ddd4ac79fa9e80dabfc5c3dc9272d960d5d16b708b42605
  original:
    hackage: stm-delay-0.1.1.1@sha256:7e0c22a7b969a02e47b299293eba5e2ec142b2d09a62c0762b5977fcc0ad06cc,2343
- completed:
    hackage: word8-0.1.3@sha256:e5464d0600821a116467d4b12fef12b15ff040c3599500e5f0274225e78c6faf,1397
    pantry-tree:
      size: 478
      sha256: f90debca29fa7b54bb82f1bc6843c827fcea96b5149af4dd0ed69dad73856f0e
  original:
    hackage: word8-0.1.3@sha256:e5464d0600821a116467d4b12fef12b15ff040c3599500e5f0274225e78c6faf,1397
- completed:
    hackage: basement-0.0.11@sha256:af43e2e334e515b52ca309919b135c51b5e9411e6d4c68d0e8950d61eb5f25d1,5711
    pantry-tree:
      size: 5859
      sha256: 2b5bdb5b5a3ede3676aef58f0524c38881128338aede213913e64e0c4430906e
  original:
    hackage: basement-0.0.11@sha256:af43e2e334e515b52ca309919b135c51b5e9411e6d4c68d0e8950d61eb5f25d1,5711
- completed:
    hackage: bifunctors-5.5.7@sha256:179970d8cabaa760df74d40e1f81b3633c78b569f2d058e24dac31b5a1865406,3423
    pantry-tree:
      size: 1755
      sha256: 32c783471a62872ff7bac1d24c537bcc4b00f032d3b4b5b5f8216c9f9e8ec2b9
  original:
    hackage: bifunctors-5.5.7@sha256:179970d8cabaa760df74d40e1f81b3633c78b569f2d058e24dac31b5a1865406,3423
- completed:
    hackage: data-default-class-0.1.2.0@sha256:63e62120b7efd733a5a17cf59ceb43268e9a929c748127172d7d42f4a336e327,542
    pantry-tree:
      size: 224
      sha256: 5017630b11698aefa65fc61cab84a257ce97833c968d425e1b2d53d6c3b5c096
  original:
    hackage: data-default-class-0.1.2.0@sha256:63e62120b7efd733a5a17cf59ceb43268e9a929c748127172d7d42f4a336e327,542
- completed:
    hackage: foldl-1.4.8@sha256:2f6611b3a2ce92d2279c93a60cd8ef3bed98c17bd814e5b943ede53578005f26,2404
    pantry-tree:
      size: 764
      sha256: 52a8c3dc6d9ef35e98aed314fb7291a83fd3917f852575808f586a97a82f4416
  original:
    hackage: foldl-1.4.8@sha256:2f6611b3a2ce92d2279c93a60cd8ef3bed98c17bd814e5b943ede53578005f26,2404
- completed:
    hackage: mmorph-1.1.3@sha256:abfc95648fef0008f984b94137ce8e1635fb071c7bfaaa7393ba175a1b3bb12f,919
    pantry-tree:
      size: 344
      sha256: b93535fa375deb2e07af348fe9730b7b50b71e4cba0992e03a96a8b8dc13cc48
  original:
    hackage: mmorph-1.1.3@sha256:abfc95648fef0008f984b94137ce8e1635fb071c7bfaaa7393ba175a1b3bb12f,919
- completed:
    hackage: monad-control-1.0.2.3@sha256:a3ae888d2fed2e2a0ca33ae11e2480219e07312bccf1a02ffe2ba2e3ec5913ee,2255
    pantry-tree:
      size: 334
      sha256: 519fea66a13faf24c4a980d19c58f81af5cf519a2ddcc0c199a8f8f3bf0299b8
  original:
    hackage: monad-control-1.0.2.3@sha256:a3ae888d2fed2e2a0ca33ae11e2480219e07312bccf1a02ffe2ba2e3ec5913ee,2255
- completed:
    hackage: network-bsd-2.8.1.0@sha256:d92423549794926f8bac0b63d5963c898a2ab628a4bb2e10ec5ce05b579383c1,3742
    pantry-tree:
      size: 264
      sha256: 5f3ba13587475816f6f43b5bc5c139382a734b48c638ae9a6183e3c7fa759343
  original:
    hackage: network-bsd-2.8.1.0@sha256:d92423549794926f8bac0b63d5963c898a2ab628a4bb2e10ec5ce05b579383c1,3742
- completed:
    hackage: old-locale-1.0.0.7@sha256:fa998be2c7e00cd26a6e9075bea790caaf3932caa3e9497ad69bc20380dd6911,1071
    pantry-tree:
      size: 263
      sha256: 462ef15cb35164d585aa3860f717c9685fbf05578330490860abd544381d2e24
  original:
    hackage: old-locale-1.0.0.7@sha256:fa998be2c7e00cd26a6e9075bea790caaf3932caa3e9497ad69bc20380dd6911,1071
- completed:
    hackage: profunctors-5.5.2@sha256:55132b7e8a5461e8f7fdc4e06839109fe42ad581225cd151342753fddb824aa8,2075
    pantry-tree:
      size: 1639
      sha256: ad6ec53d15bbadac65278e52ff03e22236d1399d6fd61ea20ae8cd9a0d9de207
  original:
    hackage: profunctors-5.5.2@sha256:55132b7e8a5461e8f7fdc4e06839109fe42ad581225cd151342753fddb824aa8,2075
- completed:
    hackage: scientific-0.3.6.2@sha256:dd49abc76bd8e2b57e7a057dc2bb742a00527b4bf9350f9374be03b5934e55d8,4679
    pantry-tree:
      size: 656
      sha256: d05b22ccd31ad7a4438d9217bf44771ac63c4eeb0acc9c624465044e5894766a
  original:
    hackage: scientific-0.3.6.2@sha256:dd49abc76bd8e2b57e7a057dc2bb742a00527b4bf9350f9374be03b5934e55d8,4679
- completed:
    hackage: semigroupoids-5.3.4@sha256:3a6445a6105348d01c71aa608e1a8644ad78c01ec17dc70b87cf161cac92a100,7596
    pantry-tree:
      size: 1990
      sha256: d6dedcdff1035094c36156668a15484a3f3f734670b0f080bb8fcab9aaf45ad0
  original:
    hackage: semigroupoids-5.3.4@sha256:3a6445a6105348d01c71aa608e1a8644ad78c01ec17dc70b87cf161cac92a100,7596
- completed:
    hackage: socks-0.6.1@sha256:ac190808eea704672df18f702e8f2ad0b7a4d0af528e95ee55ea6ee0be672e2a,1258
    pantry-tree:
      size: 692
      sha256: 53d29c06c42e737ae99660e077c7c4b286f1272b3394ad7f74163867a5b3b8fa
  original:
    hackage: socks-0.6.1@sha256:ac190808eea704672df18f702e8f2ad0b7a4d0af528e95ee55ea6ee0be672e2a,1258
- completed:
    hackage: splitmix-0.1.0.1@sha256:22f9662e7e8b173421872241edd39350078a9ed4bb9e9f503948c5b483c79276,5253
    pantry-tree:
      size: 1149
      sha256: b9a0c60e2d4786bbb276ce6606027a99615bf703fa3e0f01911e8c6a656c5161
  original:
    hackage: splitmix-0.1.0.1@sha256:22f9662e7e8b173421872241edd39350078a9ed4bb9e9f503948c5b483c79276,5253
- completed:
    hackage: tls-1.5.4@sha256:ac18a2a431cf359a27288a607fd01bfaebc70be627c9d53e238009e7e6e1fd79,6753
    pantry-tree:
      size: 4688
      sha256: c20c5a689f0742ab8fdda3d8bfcb4fe35da46762d0c8268d0411562eb6ec5802
  original:
    hackage: tls-1.5.4@sha256:ac18a2a431cf359a27288a607fd01bfaebc70be627c9d53e238009e7e6e1fd79,6753
- completed:
    hackage: transformers-base-0.4.5.2@sha256:e4d8155470905ba2942033a1537fc4cf91927d1c9b34693fd57ddf3bc02334af,1550
    pantry-tree:
      size: 275
      sha256: de1ab09cfb378c269105d6fcfa0fa9820081c2d1d91c87503a5f10068a4119e7
  original:
    hackage: transformers-base-0.4.5.2@sha256:e4d8155470905ba2942033a1537fc4cf91927d1c9b34693fd57ddf3bc02334af,1550
- completed:
    hackage: void-0.7.3@sha256:13d30f62fcdf065e595d679d4ac8b4b0c1bb1a1b73db7b5b5a8f857cb5c8a546,1857
    pantry-tree:
      size: 584
      sha256: 5730b45e857424c97d24ee1cf530be1fc782cd000221ac97b5568be886cbbc2b
  original:
    hackage: void-0.7.3@sha256:13d30f62fcdf065e595d679d4ac8b4b0c1bb1a1b73db7b5b5a8f857cb5c8a546,1857
- completed:
    hackage: x509-1.7.5@sha256:01185a9a17bee4e89287d9e32bfaa673133cf2b09a39759627bed1f72ea528fd,2305
    pantry-tree:
      size: 1072
      sha256: 42cc162fbe2221555fb4d91e3de6699bc7731887c2c0e01ad79c8bf6ade988d9
  original:
    hackage: x509-1.7.5@sha256:01185a9a17bee4e89287d9e32bfaa673133cf2b09a39759627bed1f72ea528fd,2305
- completed:
    hackage: x509-store-1.6.7@sha256:a707b2f4ba3c02ebacd7ecd19e9f0c0b211b58270329c2c775a2c1df26820212,1781
    pantry-tree:
      size: 398
      sha256: 583026f9af3752de292e672472de40d4cddde83d6ec2cb72b896c1eea3dc1da3
  original:
    hackage: x509-store-1.6.7@sha256:a707b2f4ba3c02ebacd7ecd19e9f0c0b211b58270329c2c775a2c1df26820212,1781
- completed:
    hackage: x509-system-1.6.6@sha256:3a1b9cc26715d7cb3cd1a3f8b6153f12c2d42187ac5df305c3973c78a061db05,1418
    pantry-tree:
      size: 391
      sha256: f787ec9fe9d4ae10b1e28821bfc07e711755a043a4fafc74a0c6bedaab40f488
  original:
    hackage: x509-system-1.6.6@sha256:3a1b9cc26715d7cb3cd1a3f8b6153f12c2d42187ac5df305c3973c78a061db05,1418
- completed:
    hackage: x509-validation-1.6.11@sha256:7798c62717265a395f1092e6ad576f64b7876c289bb84353bddc0bb5a66c6b26,2169
    pantry-tree:
      size: 631
      sha256: 5a2bdfefa3438eff100c556fa55232b2de64badb832c614cade1ca147f215715
  original:
    hackage: x509-validation-1.6.11@sha256:7798c62717265a395f1092e6ad576f64b7876c289bb84353bddc0bb5a66c6b26,2169
snapshots: []
